// !$*UTF8*$!
{
	archiveVersion = 1;
	classes = {
	};
	objectVersion = 46;
	objects = {

/* Begin PBXBuildFile section */
		A848DFC21D18320400EB035B /* AppDelegate.swift in Sources */ = {isa = PBXBuildFile; fileRef = A848DFC11D18320400EB035B /* AppDelegate.swift */; };
		A848DFC41D18320400EB035B /* ViewController.swift in Sources */ = {isa = PBXBuildFile; fileRef = A848DFC31D18320400EB035B /* ViewController.swift */; };
		A848DFC71D18320400EB035B /* Main.storyboard in Resources */ = {isa = PBXBuildFile; fileRef = A848DFC51D18320400EB035B /* Main.storyboard */; };
		A848DFC91D18320400EB035B /* Assets.xcassets in Resources */ = {isa = PBXBuildFile; fileRef = A848DFC81D18320400EB035B /* Assets.xcassets */; };
		A848DFCC1D18320400EB035B /* LaunchScreen.storyboard in Resources */ = {isa = PBXBuildFile; fileRef = A848DFCA1D18320400EB035B /* LaunchScreen.storyboard */; };
		A848DFD71D18320400EB035B /* pokedexTests.swift in Sources */ = {isa = PBXBuildFile; fileRef = A848DFD61D18320400EB035B /* pokedexTests.swift */; };
		A848DFE21D18320400EB035B /* pokedexUITests.swift in Sources */ = {isa = PBXBuildFile; fileRef = A848DFE11D18320400EB035B /* pokedexUITests.swift */; };
/* End PBXBuildFile section */

/* Begin PBXContainerItemProxy section */
		A848DFD31D18320400EB035B /* PBXContainerItemProxy */ = {
			isa = PBXContainerItemProxy;
			containerPortal = A848DFB61D18320400EB035B /* Project object */;
			proxyType = 1;
			remoteGlobalIDString = A848DFBD1D18320400EB035B;
			remoteInfo = pokedex;
		};
		A848DFDE1D18320400EB035B /* PBXContainerItemProxy */ = {
			isa = PBXContainerItemProxy;
			containerPortal = A848DFB61D18320400EB035B /* Project object */;
			proxyType = 1;
			remoteGlobalIDString = A848DFBD1D18320400EB035B;
			remoteInfo = pokedex;
		};
/* End PBXContainerItemProxy section */

/* Begin PBXFileReference section */
		A848DFBE1D18320400EB035B /* pokedex.app */ = {isa = PBXFileReference; explicitFileType = wrapper.application; includeInIndex = 0; path = pokedex.app; sourceTree = BUILT_PRODUCTS_DIR; };
		A848DFC11D18320400EB035B /* AppDelegate.swift */ = {isa = PBXFileReference; lastKnownFileType = sourcecode.swift; path = AppDelegate.swift; sourceTree = "<group>"; };
		A848DFC31D18320400EB035B /* ViewController.swift */ = {isa = PBXFileReference; lastKnownFileType = sourcecode.swift; path = ViewController.swift; sourceTree = "<group>"; };
		A848DFC61D18320400EB035B /* Base */ = {isa = PBXFileReference; lastKnownFileType = file.storyboard; name = Base; path = Base.lproj/Main.storyboard; sourceTree = "<group>"; };
		A848DFC81D18320400EB035B /* Assets.xcassets */ = {isa = PBXFileReference; lastKnownFileType = folder.assetcatalog; path = Assets.xcassets; sourceTree = "<group>"; };
		A848DFCB1D18320400EB035B /* Base */ = {isa = PBXFileReference; lastKnownFileType = file.storyboard; name = Base; path = Base.lproj/LaunchScreen.storyboard; sourceTree = "<group>"; };
		A848DFCD1D18320400EB035B /* Info.plist */ = {isa = PBXFileReference; lastKnownFileType = text.plist.xml; path = Info.plist; sourceTree = "<group>"; };
		A848DFD21D18320400EB035B /* pokedexTests.xctest */ = {isa = PBXFileReference; explicitFileType = wrapper.cfbundle; includeInIndex = 0; path = pokedexTests.xctest; sourceTree = BUILT_PRODUCTS_DIR; };
		A848DFD61D18320400EB035B /* pokedexTests.swift */ = {isa = PBXFileReference; lastKnownFileType = sourcecode.swift; path = pokedexTests.swift; sourceTree = "<group>"; };
		A848DFD81D18320400EB035B /* Info.plist */ = {isa = PBXFileReference; lastKnownFileType = text.plist.xml; path = Info.plist; sourceTree = "<group>"; };
		A848DFDD1D18320400EB035B /* pokedexUITests.xctest */ = {isa = PBXFileReference; explicitFileType = wrapper.cfbundle; includeInIndex = 0; path = pokedexUITests.xctest; sourceTree = BUILT_PRODUCTS_DIR; };
		A848DFE11D18320400EB035B /* pokedexUITests.swift */ = {isa = PBXFileReference; lastKnownFileType = sourcecode.swift; path = pokedexUITests.swift; sourceTree = "<group>"; };
		A848DFE31D18320400EB035B /* Info.plist */ = {isa = PBXFileReference; lastKnownFileType = text.plist.xml; path = Info.plist; sourceTree = "<group>"; };
/* End PBXFileReference section */

/* Begin PBXFrameworksBuildPhase section */
		A848DFBB1D18320400EB035B /* Frameworks */ = {
			isa = PBXFrameworksBuildPhase;
			buildActionMask = 2147483647;
			files = (
			);
			runOnlyForDeploymentPostprocessing = 0;
		};
		A848DFCF1D18320400EB035B /* Frameworks */ = {
			isa = PBXFrameworksBuildPhase;
			buildActionMask = 2147483647;
			files = (
			);
			runOnlyForDeploymentPostprocessing = 0;
		};
		A848DFDA1D18320400EB035B /* Frameworks */ = {
			isa = PBXFrameworksBuildPhase;
			buildActionMask = 2147483647;
			files = (
			);
			runOnlyForDeploymentPostprocessing = 0;
		};
/* End PBXFrameworksBuildPhase section */

/* Begin PBXGroup section */
		A848DFB51D18320400EB035B = {
			isa = PBXGroup;
			children = (
				A848DFC01D18320400EB035B /* pokedex */,
				A848DFD51D18320400EB035B /* pokedexTests */,
				A848DFE01D18320400EB035B /* pokedexUITests */,
				A848DFBF1D18320400EB035B /* Products */,
			);
			sourceTree = "<group>";
		};
		A848DFBF1D18320400EB035B /* Products */ = {
			isa = PBXGroup;
			children = (
				A848DFBE1D18320400EB035B /* pokedex.app */,
				A848DFD21D18320400EB035B /* pokedexTests.xctest */,
				A848DFDD1D18320400EB035B /* pokedexUITests.xctest */,
			);
			name = Products;
			sourceTree = "<group>";
		};
		A848DFC01D18320400EB035B /* pokedex */ = {
			isa = PBXGroup;
			children = (
				A848DFC11D18320400EB035B /* AppDelegate.swift */,
				A848DFC31D18320400EB035B /* ViewController.swift */,
				A848DFC51D18320400EB035B /* Main.storyboard */,
				A848DFC81D18320400EB035B /* Assets.xcassets */,
				A848DFCA1D18320400EB035B /* LaunchScreen.storyboard */,
				A848DFCD1D18320400EB035B /* Info.plist */,
			);
			path = pokedex;
			sourceTree = "<group>";
		};
		A848DFD51D18320400EB035B /* pokedexTests */ = {
			isa = PBXGroup;
			children = (
				A848DFD61D18320400EB035B /* pokedexTests.swift */,
				A848DFD81D18320400EB035B /* Info.plist */,
			);
			path = pokedexTests;
			sourceTree = "<group>";
		};
		A848DFE01D18320400EB035B /* pokedexUITests */ = {
			isa = PBXGroup;
			children = (
				A848DFE11D18320400EB035B /* pokedexUITests.swift */,
				A848DFE31D18320400EB035B /* Info.plist */,
			);
			path = pokedexUITests;
			sourceTree = "<group>";
		};
/* End PBXGroup section */

/* Begin PBXNativeTarget section */
		A848DFBD1D18320400EB035B /* pokedex */ = {
			isa = PBXNativeTarget;
			buildConfigurationList = A848DFE61D18320400EB035B /* Build configuration list for PBXNativeTarget "pokedex" */;
			buildPhases = (
				A848DFBA1D18320400EB035B /* Sources */,
				A848DFBB1D18320400EB035B /* Frameworks */,
				A848DFBC1D18320400EB035B /* Resources */,
			);
			buildRules = (
			);
			dependencies = (
			);
			name = pokedex;
			productName = pokedex;
			productReference = A848DFBE1D18320400EB035B /* pokedex.app */;
			productType = "com.apple.product-type.application";
		};
		A848DFD11D18320400EB035B /* pokedexTests */ = {
			isa = PBXNativeTarget;
			buildConfigurationList = A848DFE91D18320400EB035B /* Build configuration list for PBXNativeTarget "pokedexTests" */;
			buildPhases = (
				A848DFCE1D18320400EB035B /* Sources */,
				A848DFCF1D18320400EB035B /* Frameworks */,
				A848DFD01D18320400EB035B /* Resources */,
			);
			buildRules = (
			);
			dependencies = (
				A848DFD41D18320400EB035B /* PBXTargetDependency */,
			);
			name = pokedexTests;
			productName = pokedexTests;
			productReference = A848DFD21D18320400EB035B /* pokedexTests.xctest */;
			productType = "com.apple.product-type.bundle.unit-test";
		};
		A848DFDC1D18320400EB035B /* pokedexUITests */ = {
			isa = PBXNativeTarget;
			buildConfigurationList = A848DFEC1D18320400EB035B /* Build configuration list for PBXNativeTarget "pokedexUITests" */;
			buildPhases = (
				A848DFD91D18320400EB035B /* Sources */,
				A848DFDA1D18320400EB035B /* Frameworks */,
				A848DFDB1D18320400EB035B /* Resources */,
			);
			buildRules = (
			);
			dependencies = (
				A848DFDF1D18320400EB035B /* PBXTargetDependency */,
			);
			name = pokedexUITests;
			productName = pokedexUITests;
			productReference = A848DFDD1D18320400EB035B /* pokedexUITests.xctest */;
			productType = "com.apple.product-type.bundle.ui-testing";
		};
/* End PBXNativeTarget section */

/* Begin PBXProject section */
		A848DFB61D18320400EB035B /* Project object */ = {
			isa = PBXProject;
			attributes = {
				LastSwiftUpdateCheck = 0730;
				LastUpgradeCheck = 0730;
				ORGANIZATIONNAME = Soulxsense;
				TargetAttributes = {
					A848DFBD1D18320400EB035B = {
						CreatedOnToolsVersion = 7.3.1;
					};
					A848DFD11D18320400EB035B = {
						CreatedOnToolsVersion = 7.3.1;
						TestTargetID = A848DFBD1D18320400EB035B;
					};
					A848DFDC1D18320400EB035B = {
						CreatedOnToolsVersion = 7.3.1;
						TestTargetID = A848DFBD1D18320400EB035B;
					};
				};
			};
			buildConfigurationList = A848DFB91D18320400EB035B /* Build configuration list for PBXProject "pokedex" */;
			compatibilityVersion = "Xcode 3.2";
			developmentRegion = English;
			hasScannedForEncodings = 0;
			knownRegions = (
				en,
				Base,
			);
			mainGroup = A848DFB51D18320400EB035B;
			productRefGroup = A848DFBF1D18320400EB035B /* Products */;
			projectDirPath = "";
			projectRoot = "";
			targets = (
				A848DFBD1D18320400EB035B /* pokedex */,
				A848DFD11D18320400EB035B /* pokedexTests */,
				A848DFDC1D18320400EB035B /* pokedexUITests */,
			);
		};
/* End PBXProject section */

/* Begin PBXResourcesBuildPhase section */
		A848DFBC1D18320400EB035B /* Resources */ = {
			isa = PBXResourcesBuildPhase;
			buildActionMask = 2147483647;
			files = (
				A848DFCC1D18320400EB035B /* LaunchScreen.storyboard in Resources */,
				A848DFC91D18320400EB035B /* Assets.xcassets in Resources */,
				A848DFC71D18320400EB035B /* Main.storyboard in Resources */,
			);
			runOnlyForDeploymentPostprocessing = 0;
		};
		A848DFD01D18320400EB035B /* Resources */ = {
			isa = PBXResourcesBuildPhase;
			buildActionMask = 2147483647;
			files = (
			);
			runOnlyForDeploymentPostprocessing = 0;
		};
		A848DFDB1D18320400EB035B /* Resources */ = {
			isa = PBXResourcesBuildPhase;
			buildActionMask = 2147483647;
			files = (
			);
			runOnlyForDeploymentPostprocessing = 0;
		};
/* End PBXResourcesBuildPhase section */

/* Begin PBXSourcesBuildPhase section */
		A848DFBA1D18320400EB035B /* Sources */ = {
			isa = PBXSourcesBuildPhase;
			buildActionMask = 2147483647;
			files = (
				A848DFC41D18320400EB035B /* ViewController.swift in Sources */,
				A848DFC21D18320400EB035B /* AppDelegate.swift in Sources */,
			);
			runOnlyForDeploymentPostprocessing = 0;
		};
		A848DFCE1D18320400EB035B /* Sources */ = {
			isa = PBXSourcesBuildPhase;
			buildActionMask = 2147483647;
			files = (
				A848DFD71D18320400EB035B /* pokedexTests.swift in Sources */,
			);
			runOnlyForDeploymentPostprocessing = 0;
		};
		A848DFD91D18320400EB035B /* Sources */ = {
			isa = PBXSourcesBuildPhase;
			buildActionMask = 2147483647;
			files = (
				A848DFE21D18320400EB035B /* pokedexUITests.swift in Sources */,
			);
			runOnlyForDeploymentPostprocessing = 0;
		};
/* End PBXSourcesBuildPhase section */

/* Begin PBXTargetDependency section */
		A848DFD41D18320400EB035B /* PBXTargetDependency */ = {
			isa = PBXTargetDependency;
			target = A848DFBD1D18320400EB035B /* pokedex */;
			targetProxy = A848DFD31D18320400EB035B /* PBXContainerItemProxy */;
		};
		A848DFDF1D18320400EB035B /* PBXTargetDependency */ = {
			isa = PBXTargetDependency;
			target = A848DFBD1D18320400EB035B /* pokedex */;
			targetProxy = A848DFDE1D18320400EB035B /* PBXContainerItemProxy */;
		};
/* End PBXTargetDependency section */

/* Begin PBXVariantGroup section */
		A848DFC51D18320400EB035B /* Main.storyboard */ = {
			isa = PBXVariantGroup;
			children = (
				A848DFC61D18320400EB035B /* Base */,
			);
			name = Main.storyboard;
			sourceTree = "<group>";
		};
		A848DFCA1D18320400EB035B /* LaunchScreen.storyboard */ = {
			isa = PBXVariantGroup;
			children = (
				A848DFCB1D18320400EB035B /* Base */,
			);
			name = LaunchScreen.storyboard;
			sourceTree = "<group>";
		};
/* End PBXVariantGroup section */

/* Begin XCBuildConfiguration section */
		A848DFE41D18320400EB035B /* Debug */ = {
			isa = XCBuildConfiguration;
			buildSettings = {
				ALWAYS_SEARCH_USER_PATHS = NO;
				CLANG_ANALYZER_NONNULL = YES;
				CLANG_CXX_LANGUAGE_STANDARD = "gnu++0x";
				CLANG_CXX_LIBRARY = "libc++";
				CLANG_ENABLE_MODULES = YES;
				CLANG_ENABLE_OBJC_ARC = YES;
				CLANG_WARN_BOOL_CONVERSION = YES;
				CLANG_WARN_CONSTANT_CONVERSION = YES;
				CLANG_WARN_DIRECT_OBJC_ISA_USAGE = YES_ERROR;
				CLANG_WARN_EMPTY_BODY = YES;
				CLANG_WARN_ENUM_CONVERSION = YES;
				CLANG_WARN_INT_CONVERSION = YES;
				CLANG_WARN_OBJC_ROOT_CLASS = YES_ERROR;
				CLANG_WARN_UNREACHABLE_CODE = YES;
				CLANG_WARN__DUPLICATE_METHOD_MATCH = YES;
				"CODE_SIGN_IDENTITY[sdk=iphoneos*]" = "iPhone Developer";
				COPY_PHASE_STRIP = NO;
				DEBUG_INFORMATION_FORMAT = dwarf;
				ENABLE_STRICT_OBJC_MSGSEND = YES;
				ENABLE_TESTABILITY = YES;
				GCC_C_LANGUAGE_STANDARD = gnu99;
				GCC_DYNAMIC_NO_PIC = NO;
				GCC_NO_COMMON_BLOCKS = YES;
				GCC_OPTIMIZATION_LEVEL = 0;
				GCC_PREPROCESSOR_DEFINITIONS = (
					"DEBUG=1",
					"$(inherited)",
				);
				GCC_WARN_64_TO_32_BIT_CONVERSION = YES;
				GCC_WARN_ABOUT_RETURN_TYPE = YES_ERROR;
				GCC_WARN_UNDECLARED_SELECTOR = YES;
				GCC_WARN_UNINITIALIZED_AUTOS = YES_AGGRESSIVE;
				GCC_WARN_UNUSED_FUNCTION = YES;
				GCC_WARN_UNUSED_VARIABLE = YES;
				IPHONEOS_DEPLOYMENT_TARGET = 9.3;
				MTL_ENABLE_DEBUG_INFO = YES;
				ONLY_ACTIVE_ARCH = YES;
				SDKROOT = iphoneos;
				SWIFT_OPTIMIZATION_LEVEL = "-Onone";
			};
			name = Debug;
		};
		A848DFE51D18320400EB035B /* Release */ = {
			isa = XCBuildConfiguration;
			buildSettings = {
				ALWAYS_SEARCH_USER_PATHS = NO;
				CLANG_ANALYZER_NONNULL = YES;
				CLANG_CXX_LANGUAGE_STANDARD = "gnu++0x";
				CLANG_CXX_LIBRARY = "libc++";
				CLANG_ENABLE_MODULES = YES;
				CLANG_ENABLE_OBJC_ARC = YES;
				CLANG_WARN_BOOL_CONVERSION = YES;
				CLANG_WARN_CONSTANT_CONVERSION = YES;
				CLANG_WARN_DIRECT_OBJC_ISA_USAGE = YES_ERROR;
				CLANG_WARN_EMPTY_BODY = YES;
				CLANG_WARN_ENUM_CONVERSION = YES;
				CLANG_WARN_INT_CONVERSION = YES;
				CLANG_WARN_OBJC_ROOT_CLASS = YES_ERROR;
				CLANG_WARN_UNREACHABLE_CODE = YES;
				CLANG_WARN__DUPLICATE_METHOD_MATCH = YES;
				"CODE_SIGN_IDENTITY[sdk=iphoneos*]" = "iPhone Developer";
				COPY_PHASE_STRIP = NO;
				DEBUG_INFORMATION_FORMAT = "dwarf-with-dsym";
				ENABLE_NS_ASSERTIONS = NO;
				ENABLE_STRICT_OBJC_MSGSEND = YES;
				GCC_C_LANGUAGE_STANDARD = gnu99;
				GCC_NO_COMMON_BLOCKS = YES;
				GCC_WARN_64_TO_32_BIT_CONVERSION = YES;
				GCC_WARN_ABOUT_RETURN_TYPE = YES_ERROR;
				GCC_WARN_UNDECLARED_SELECTOR = YES;
				GCC_WARN_UNINITIALIZED_AUTOS = YES_AGGRESSIVE;
				GCC_WARN_UNUSED_FUNCTION = YES;
				GCC_WARN_UNUSED_VARIABLE = YES;
				IPHONEOS_DEPLOYMENT_TARGET = 9.3;
				MTL_ENABLE_DEBUG_INFO = NO;
				SDKROOT = iphoneos;
				VALIDATE_PRODUCT = YES;
			};
			name = Release;
		};
		A848DFE71D18320400EB035B /* Debug */ = {
			isa = XCBuildConfiguration;
			buildSettings = {
				ASSETCATALOG_COMPILER_APPICON_NAME = AppIcon;
				INFOPLIST_FILE = pokedex/Info.plist;
				LD_RUNPATH_SEARCH_PATHS = "$(inherited) @executable_path/Frameworks";
				PRODUCT_BUNDLE_IDENTIFIER = com.soulxsense.pokedex;
				PRODUCT_NAME = "$(TARGET_NAME)";
			};
			name = Debug;
		};
		A848DFE81D18320400EB035B /* Release */ = {
			isa = XCBuildConfiguration;
			buildSettings = {
				ASSETCATALOG_COMPILER_APPICON_NAME = AppIcon;
				INFOPLIST_FILE = pokedex/Info.plist;
				LD_RUNPATH_SEARCH_PATHS = "$(inherited) @executable_path/Frameworks";
				PRODUCT_BUNDLE_IDENTIFIER = com.soulxsense.pokedex;
				PRODUCT_NAME = "$(TARGET_NAME)";
			};
			name = Release;
		};
		A848DFEA1D18320400EB035B /* Debug */ = {
			isa = XCBuildConfiguration;
			buildSettings = {
				BUNDLE_LOADER = "$(TEST_HOST)";
				INFOPLIST_FILE = pokedexTests/Info.plist;
				LD_RUNPATH_SEARCH_PATHS = "$(inherited) @executable_path/Frameworks @loader_path/Frameworks";
				PRODUCT_BUNDLE_IDENTIFIER = com.soulxsense.pokedexTests;
				PRODUCT_NAME = "$(TARGET_NAME)";
				TEST_HOST = "$(BUILT_PRODUCTS_DIR)/pokedex.app/pokedex";
			};
			name = Debug;
		};
		A848DFEB1D18320400EB035B /* Release */ = {
			isa = XCBuildConfiguration;
			buildSettings = {
				BUNDLE_LOADER = "$(TEST_HOST)";
				INFOPLIST_FILE = pokedexTests/Info.plist;
				LD_RUNPATH_SEARCH_PATHS = "$(inherited) @executable_path/Frameworks @loader_path/Frameworks";
				PRODUCT_BUNDLE_IDENTIFIER = com.soulxsense.pokedexTests;
				PRODUCT_NAME = "$(TARGET_NAME)";
				TEST_HOST = "$(BUILT_PRODUCTS_DIR)/pokedex.app/pokedex";
			};
			name = Release;
		};
		A848DFED1D18320400EB035B /* Debug */ = {
			isa = XCBuildConfiguration;
			buildSettings = {
				INFOPLIST_FILE = pokedexUITests/Info.plist;
				LD_RUNPATH_SEARCH_PATHS = "$(inherited) @executable_path/Frameworks @loader_path/Frameworks";
				PRODUCT_BUNDLE_IDENTIFIER = com.soulxsense.pokedexUITests;
				PRODUCT_NAME = "$(TARGET_NAME)";
				TEST_TARGET_NAME = pokedex;
			};
			name = Debug;
		};
		A848DFEE1D18320400EB035B /* Release */ = {
			isa = XCBuildConfiguration;
			buildSettings = {
				INFOPLIST_FILE = pokedexUITests/Info.plist;
				LD_RUNPATH_SEARCH_PATHS = "$(inherited) @executable_path/Frameworks @loader_path/Frameworks";
				PRODUCT_BUNDLE_IDENTIFIER = com.soulxsense.pokedexUITests;
				PRODUCT_NAME = "$(TARGET_NAME)";
				TEST_TARGET_NAME = pokedex;
			};
			name = Release;
		};
/* End XCBuildConfiguration section */

/* Begin XCConfigurationList section */
		A848DFB91D18320400EB035B /* Build configuration list for PBXProject "pokedex" */ = {
			isa = XCConfigurationList;
			buildConfigurations = (
				A848DFE41D18320400EB035B /* Debug */,
				A848DFE51D18320400EB035B /* Release */,
			);
			defaultConfigurationIsVisible = 0;
			defaultConfigurationName = Release;
		};
		A848DFE61D18320400EB035B /* Build configuration list for PBXNativeTarget "pokedex" */ = {
			isa = XCConfigurationList;
			buildConfigurations = (
				A848DFE71D18320400EB035B /* Debug */,
				A848DFE81D18320400EB035B /* Release */,
			);
			defaultConfigurationIsVisible = 0;
		};
		A848DFE91D18320400EB035B /* Build configuration list for PBXNativeTarget "pokedexTests" */ = {
			isa = XCConfigurationList;
			buildConfigurations = (
				A848DFEA1D18320400EB035B /* Debug */,
				A848DFEB1D18320400EB035B /* Release */,
			);
			defaultConfigurationIsVisible = 0;
		};
		A848DFEC1D18320400EB035B /* Build configuration list for PBXNativeTarget "pokedexUITests" */ = {
			isa = XCConfigurationList;
			buildConfigurations = (
				A848DFED1D18320400EB035B /* Debug */,
				A848DFEE1D18320400EB035B /* Release */,
			);
			defaultConfigurationIsVisible = 0;
		};
/* End XCConfigurationList section */
	};
	rootObject = A848DFB61D18320400EB035B /* Project object */;
}
